# Generated by Goatly use-case tooling. Review changes before updating.
# Format: <use-case-or-criterion-key> <semantic-sha256>

UC-CALC-001 358e5413f4e90c7aaaab4291480faa8776fb858de8fa522f0e26549677fd4fdc
UC-CALC-001/AC-001 085ad88f0bf078f420a50b5bcfb225e676b1ce0da873785144726968661ccb55
UC-CALC-001/AC-002 af73ef7f654ee61e862dbaaa4f92c3263199e0b596290f86dbb4801b4d1c8fbe
UC-CART-001 3d7259114d0569475bae9b2f9a7d7ea4f2b85f0a0ef361068b0f902360e5e1a1
UC-CART-001/AC-001 9880d772b895b86cd45c9a6b0110e2c0c9fa43beeaa3255e83a7e84ed3ed3bdb
UC-CART-001/AC-002 335dd00352f72d610971bbfa088b2df01dd83999a3bd89d1021196b470b5a7b1
UC-PRICE-001 477537be28a1be0e937fb9493ec0c3c092e7958a40bc7e24e3ae614b8c0628d0
UC-PRICE-001/AC-001 a877ecdb1f28df37aaf07edef0f16182c9f6476ab21d66a48ce7c4f35e186670
